
Microsoft Visual Studio Solution File, Format Version 12.00
# Visual Studio Version 17
VisualStudioVersion = 17.13.35818.85 d17.13
MinimumVisualStudioVersion = 10.0.40219.1
Project("{FAE04EC0-301F-11D3-BF4B-00C04F79EFBC}") = "RESTfulService", "RESTfulService\RESTfulService.csproj", "{0394162B-9C96-4DBE-AF1B-80F660979CEC}"
EndProject
Project("{E24C65DC-7377-472B-9ABA-BC803B73C61A}") = "laze-mjesec-client", "laze-mjesec-client\", "{A448418F-95CE-B4D1-C8DA-7A60F129C5EE}"
	ProjectSection(WebsiteProperties) = preProject
		TargetFrameworkMoniker = ".NETFramework,Version%3Dv4.8"
		Debug.AspNetCompiler.VirtualPath = "/localhost_58308"
		Debug.AspNetCompiler.PhysicalPath = "laze-mjesec-client\"
		Debug.AspNetCompiler.TargetPath = "PrecompiledWeb\localhost_58308\"
		Debug.AspNetCompiler.Updateable = "true"
		Debug.AspNetCompiler.ForceOverwrite = "true"
		Debug.AspNetCompiler.FixedNames = "false"
		Debug.AspNetCompiler.Debug = "True"
		Release.AspNetCompiler.VirtualPath = "/localhost_58308"
		Release.AspNetCompiler.PhysicalPath = "laze-mjesec-client\"
		Release.AspNetCompiler.TargetPath = "PrecompiledWeb\localhost_58308\"
		Release.AspNetCompiler.Updateable = "true"
		Release.AspNetCompiler.ForceOverwrite = "true"
		Release.AspNetCompiler.FixedNames = "false"
		Release.AspNetCompiler.Debug = "False"
		VWDPort = "58308"
		SlnRelativePath = "laze-mjesec-client\"
	EndProjectSection
EndProject
Global
	GlobalSection(SolutionConfigurationPlatforms) = preSolution
		Debug|Any CPU = Debug|Any CPU
		Release|Any CPU = Release|Any CPU
	EndGlobalSection
	GlobalSection(ProjectConfigurationPlatforms) = postSolution
		{0394162B-9C96-4DBE-AF1B-80F660979CEC}.Debug|Any CPU.ActiveCfg = Debug|Any CPU
		{0394162B-9C96-4DBE-AF1B-80F660979CEC}.Debug|Any CPU.Build.0 = Debug|Any CPU
		{0394162B-9C96-4DBE-AF1B-80F660979CEC}.Release|Any CPU.ActiveCfg = Release|Any CPU
		{0394162B-9C96-4DBE-AF1B-80F660979CEC}.Release|Any CPU.Build.0 = Release|Any CPU
		{A448418F-95CE-B4D1-C8DA-7A60F129C5EE}.Debug|Any CPU.ActiveCfg = Debug|Any CPU
		{A448418F-95CE-B4D1-C8DA-7A60F129C5EE}.Debug|Any CPU.Build.0 = Debug|Any CPU
		{A448418F-95CE-B4D1-C8DA-7A60F129C5EE}.Release|Any CPU.ActiveCfg = Debug|Any CPU
		{A448418F-95CE-B4D1-C8DA-7A60F129C5EE}.Release|Any CPU.Build.0 = Debug|Any CPU
	EndGlobalSection
	GlobalSection(SolutionProperties) = preSolution
		HideSolutionNode = FALSE
	EndGlobalSection
	GlobalSection(ExtensibilityGlobals) = postSolution
		SolutionGuid = {DAED1053-4CD9-4684-870D-60C1F29F5821}
	EndGlobalSection
EndGlobal
